// !$*UTF8*$!
{
	archiveVersion = 1;
	classes = {
	};
	objectVersion = 55;
	objects = {

/* Begin PBXBuildFile section */
		873E30B9CF64841D6996DA96 /* Pods_tiktok.framework in Frameworks */ = {isa = PBXBuildFile; fileRef = 28D41D222312C416594B91E4 /* Pods_tiktok.framework */; };
		C02692A827B91E1B00C48E5D /* AppDelegate.swift in Sources */ = {isa = PBXBuildFile; fileRef = C02692A727B91E1B00C48E5D /* AppDelegate.swift */; };
		C02692AA27B91E1B00C48E5D /* SceneDelegate.swift in Sources */ = {isa = PBXBuildFile; fileRef = C02692A927B91E1B00C48E5D /* SceneDelegate.swift */; };
		C02692AC27B91E1B00C48E5D /* ViewController.swift in Sources */ = {isa = PBXBuildFile; fileRef = C02692AB27B91E1B00C48E5D /* ViewController.swift */; };
		C02692AF27B91E1B00C48E5D /* Main.storyboard in Resources */ = {isa = PBXBuildFile; fileRef = C02692AD27B91E1B00C48E5D /* Main.storyboard */; };
		C02692B127B91E1C00C48E5D /* Assets.xcassets in Resources */ = {isa = PBXBuildFile; fileRef = C02692B027B91E1C00C48E5D /* Assets.xcassets */; };
		C02692B427B91E1C00C48E5D /* LaunchScreen.storyboard in Resources */ = {isa = PBXBuildFile; fileRef = C02692B227B91E1C00C48E5D /* LaunchScreen.storyboard */; };
		C02FEE3E27BB7155005D450B /* ModelViewControler.swift in Sources */ = {isa = PBXBuildFile; fileRef = C02FEE3D27BB7155005D450B /* ModelViewControler.swift */; };
		C03EAA6B27BBD4D200DCEF6B /* TikTokViewContreller.swift in Sources */ = {isa = PBXBuildFile; fileRef = C03EAA6A27BBD4D200DCEF6B /* TikTokViewContreller.swift */; };
/* End PBXBuildFile section */

/* Begin PBXFileReference section */
		28D41D222312C416594B91E4 /* Pods_tiktok.framework */ = {isa = PBXFileReference; explicitFileType = wrapper.framework; includeInIndex = 0; path = Pods_tiktok.framework; sourceTree = BUILT_PRODUCTS_DIR; };
		C02692A427B91E1B00C48E5D /* tiktok.app */ = {isa = PBXFileReference; explicitFileType = wrapper.application; includeInIndex = 0; path = tiktok.app; sourceTree = BUILT_PRODUCTS_DIR; };
		C02692A727B91E1B00C48E5D /* AppDelegate.swift */ = {isa = PBXFileReference; lastKnownFileType = sourcecode.swift; path = AppDelegate.swift; sourceTree = "<group>"; };
		C02692A927B91E1B00C48E5D /* SceneDelegate.swift */ = {isa = PBXFileReference; lastKnownFileType = sourcecode.swift; path = SceneDelegate.swift; sourceTree = "<group>"; };
		C02692AB27B91E1B00C48E5D /* ViewController.swift */ = {isa = PBXFileReference; lastKnownFileType = sourcecode.swift; path = ViewController.swift; sourceTree = "<group>"; };
		C02692AE27B91E1B00C48E5D /* Base */ = {isa = PBXFileReference; lastKnownFileType = file.storyboard; name = Base; path = Base.lproj/Main.storyboard; sourceTree = "<group>"; };
		C02692B027B91E1C00C48E5D /* Assets.xcassets */ = {isa = PBXFileReference; lastKnownFileType = folder.assetcatalog; path = Assets.xcassets; sourceTree = "<group>"; };
		C02692B327B91E1C00C48E5D /* Base */ = {isa = PBXFileReference; lastKnownFileType = file.storyboard; name = Base; path = Base.lproj/LaunchScreen.storyboard; sourceTree = "<group>"; };
		C02692B527B91E1C00C48E5D /* Info.plist */ = {isa = PBXFileReference; lastKnownFileType = text.plist.xml; path = Info.plist; sourceTree = "<group>"; };
		C02FEE3D27BB7155005D450B /* ModelViewControler.swift */ = {isa = PBXFileReference; lastKnownFileType = sourcecode.swift; path = ModelViewControler.swift; sourceTree = "<group>"; };
		C03EAA6A27BBD4D200DCEF6B /* TikTokViewContreller.swift */ = {isa = PBXFileReference; lastKnownFileType = sourcecode.swift; path = TikTokViewContreller.swift; sourceTree = "<group>"; };
		C7AC88C653BAA18ACD39C63B /* Pods-tiktok.release.xcconfig */ = {isa = PBXFileReference; includeInIndex = 1; lastKnownFileType = text.xcconfig; name = "Pods-tiktok.release.xcconfig"; path = "Target Support Files/Pods-tiktok/Pods-tiktok.release.xcconfig"; sourceTree = "<group>"; };
		FAE1271FBE5BA1B8E8ADD472 /* Pods-tiktok.debug.xcconfig */ = {isa = PBXFileReference; includeInIndex = 1; lastKnownFileType = text.xcconfig; name = "Pods-tiktok.debug.xcconfig"; path = "Target Support Files/Pods-tiktok/Pods-tiktok.debug.xcconfig"; sourceTree = "<group>"; };
/* End PBXFileReference section */

/* Begin PBXFrameworksBuildPhase section */
		C02692A127B91E1B00C48E5D /* Frameworks */ = {
			isa = PBXFrameworksBuildPhase;
			buildActionMask = 2147483647;
			files = (
				873E30B9CF64841D6996DA96 /* Pods_tiktok.framework in Frameworks */,
			);
			runOnlyForDeploymentPostprocessing = 0;
		};
/* End PBXFrameworksBuildPhase section */

/* Begin PBXGroup section */
		68088FBA1669477177795550 /* Pods */ = {
			isa = PBXGroup;
			children = (
				FAE1271FBE5BA1B8E8ADD472 /* Pods-tiktok.debug.xcconfig */,
				C7AC88C653BAA18ACD39C63B /* Pods-tiktok.release.xcconfig */,
			);
			path = Pods;
			sourceTree = "<group>";
		};
		C026929B27B91E1B00C48E5D = {
			isa = PBXGroup;
			children = (
				C02692A627B91E1B00C48E5D /* tiktok */,
				C02692A527B91E1B00C48E5D /* Products */,
				68088FBA1669477177795550 /* Pods */,
				F7EB50286E07B9ED63B9EB8C /* Frameworks */,
			);
			sourceTree = "<group>";
		};
		C02692A527B91E1B00C48E5D /* Products */ = {
			isa = PBXGroup;
			children = (
				C02692A427B91E1B00C48E5D /* tiktok.app */,
			);
			name = Products;
			sourceTree = "<group>";
		};
		C02692A627B91E1B00C48E5D /* tiktok */ = {
			isa = PBXGroup;
			children = (
				C02692A727B91E1B00C48E5D /* AppDelegate.swift */,
				C02692A927B91E1B00C48E5D /* SceneDelegate.swift */,
				C02692AB27B91E1B00C48E5D /* ViewController.swift */,
				C02692AD27B91E1B00C48E5D /* Main.storyboard */,
				C02692B027B91E1C00C48E5D /* Assets.xcassets */,
				C02692B227B91E1C00C48E5D /* LaunchScreen.storyboard */,
				C02FEE3D27BB7155005D450B /* ModelViewControler.swift */,
				C03EAA6A27BBD4D200DCEF6B /* TikTokViewContreller.swift */,
				C02692B527B91E1C00C48E5D /* Info.plist */,
			);
			path = tiktok;
			sourceTree = "<group>";
		};
		F7EB50286E07B9ED63B9EB8C /* Frameworks */ = {
			isa = PBXGroup;
			children = (
				28D41D222312C416594B91E4 /* Pods_tiktok.framework */,
			);
			name = Frameworks;
			sourceTree = "<group>";
		};
/* End PBXGroup section */

/* Begin PBXNativeTarget section */
		C02692A327B91E1B00C48E5D /* tiktok */ = {
			isa = PBXNativeTarget;
			buildConfigurationList = C02692B827B91E1C00C48E5D /* Build configuration list for PBXNativeTarget "tiktok" */;
			buildPhases = (
				8784673692C05C2FE4DD1783 /* [CP] Check Pods Manifest.lock */,
				C02692A027B91E1B00C48E5D /* Sources */,
				C02692A127B91E1B00C48E5D /* Frameworks */,
				C02692A227B91E1B00C48E5D /* Resources */,
				E06287EF128E8C10A944506D /* [CP] Embed Pods Frameworks */,
			);
			buildRules = (
			);
			dependencies = (
			);
			name = tiktok;
			productName = tiktok;
			productReference = C02692A427B91E1B00C48E5D /* tiktok.app */;
			productType = "com.apple.product-type.application";
		};
/* End PBXNativeTarget section */

/* Begin PBXProject section */
		C026929C27B91E1B00C48E5D /* Project object */ = {
			isa = PBXProject;
			attributes = {
				BuildIndependentTargetsInParallel = 1;
				LastSwiftUpdateCheck = 1320;
				LastUpgradeCheck = 1320;
				TargetAttributes = {
					C02692A327B91E1B00C48E5D = {
						CreatedOnToolsVersion = 13.2.1;
					};
				};
			};
			buildConfigurationList = C026929F27B91E1B00C48E5D /* Build configuration list for PBXProject "tiktok" */;
			compatibilityVersion = "Xcode 13.0";
			developmentRegion = en;
			hasScannedForEncodings = 0;
			knownRegions = (
				en,
				Base,
			);
			mainGroup = C026929B27B91E1B00C48E5D;
			productRefGroup = C02692A527B91E1B00C48E5D /* Products */;
			projectDirPath = "";
			projectRoot = "";
			targets = (
				C02692A327B91E1B00C48E5D /* tiktok */,
			);
		};
/* End PBXProject section */

/* Begin PBXResourcesBuildPhase section */
		C02692A227B91E1B00C48E5D /* Resources */ = {
			isa = PBXResourcesBuildPhase;
			buildActionMask = 2147483647;
			files = (
				C02692B427B91E1C00C48E5D /* LaunchScreen.storyboard in Resources */,
				C02692B127B91E1C00C48E5D /* Assets.xcassets in Resources */,
				C02692AF27B91E1B00C48E5D /* Main.storyboard in Resources */,
			);
			runOnlyForDeploymentPostprocessing = 0;
		};
/* End PBXResourcesBuildPhase section */

/* Begin PBXShellScriptBuildPhase section */
		8784673692C05C2FE4DD1783 /* [CP] Check Pods Manifest.lock */ = {
			isa = PBXShellScriptBuildPhase;
			buildActionMask = 2147483647;
			files = (
			);
			inputFileListPaths = (
			);
			inputPaths = (
				"${PODS_PODFILE_DIR_PATH}/Podfile.lock",
				"${PODS_ROOT}/Manifest.lock",
			);
			name = "[CP] Check Pods Manifest.lock";
			outputFileListPaths = (
			);
			outputPaths = (
				"$(DERIVED_FILE_DIR)/Pods-tiktok-checkManifestLockResult.txt",
			);
			runOnlyForDeploymentPostprocessing = 0;
			shellPath = /bin/sh;
			shellScript = "diff \"${PODS_PODFILE_DIR_PATH}/Podfile.lock\" \"${PODS_ROOT}/Manifest.lock\" > /dev/null\nif [ $? != 0 ] ; then\n    # print error to STDERR\n    echo \"error: The sandbox is not in sync with the Podfile.lock. Run 'pod install' or update your CocoaPods installation.\" >&2\n    exit 1\nfi\n# This output is used by Xcode 'outputs' to avoid re-running this script phase.\necho \"SUCCESS\" > \"${SCRIPT_OUTPUT_FILE_0}\"\n";
			showEnvVarsInLog = 0;
		};
		E06287EF128E8C10A944506D /* [CP] Embed Pods Frameworks */ = {
			isa = PBXShellScriptBuildPhase;
			buildActionMask = 2147483647;
			files = (
			);
			inputFileListPaths = (
				"${PODS_ROOT}/Target Support Files/Pods-tiktok/Pods-tiktok-frameworks-${CONFIGURATION}-input-files.xcfilelist",
			);
			name = "[CP] Embed Pods Frameworks";
			outputFileListPaths = (
				"${PODS_ROOT}/Target Support Files/Pods-tiktok/Pods-tiktok-frameworks-${CONFIGURATION}-output-files.xcfilelist",
			);
			runOnlyForDeploymentPostprocessing = 0;
			shellPath = /bin/sh;
			shellScript = "\"${PODS_ROOT}/Target Support Files/Pods-tiktok/Pods-tiktok-frameworks.sh\"\n";
			showEnvVarsInLog = 0;
		};
/* End PBXShellScriptBuildPhase section */

/* Begin PBXSourcesBuildPhase section */
		C02692A027B91E1B00C48E5D /* Sources */ = {
			isa = PBXSourcesBuildPhase;
			buildActionMask = 2147483647;
			files = (
				C02692AC27B91E1B00C48E5D /* ViewController.swift in Sources */,
				C02FEE3E27BB7155005D450B /* ModelViewControler.swift in Sources */,
				C02692A827B91E1B00C48E5D /* AppDelegate.swift in Sources */,
				C03EAA6B27BBD4D200DCEF6B /* TikTokViewContreller.swift in Sources */,
				C02692AA27B91E1B00C48E5D /* SceneDelegate.swift in Sources */,
			);
			runOnlyForDeploymentPostprocessing = 0;
		};
/* End PBXSourcesBuildPhase section */

/* Begin PBXVariantGroup section */
		C02692AD27B91E1B00C48E5D /* Main.storyboard */ = {
			isa = PBXVariantGroup;
			children = (
				C02692AE27B91E1B00C48E5D /* Base */,
			);
			name = Main.storyboard;
			sourceTree = "<group>";
		};
		C02692B227B91E1C00C48E5D /* LaunchScreen.storyboard */ = {
			isa = PBXVariantGroup;
			children = (
				C02692B327B91E1C00C48E5D /* Base */,
			);
			name = LaunchScreen.storyboard;
			sourceTree = "<group>";
		};
/* End PBXVariantGroup section */

/* Begin XCBuildConfiguration section */
		C02692B627B91E1C00C48E5D /* Debug */ = {
			isa = XCBuildConfiguration;
			buildSettings = {
				ALWAYS_SEARCH_USER_PATHS = NO;
				CLANG_ANALYZER_NONNULL = YES;
				CLANG_ANALYZER_NUMBER_OBJECT_CONVERSION = YES_AGGRESSIVE;
				CLANG_CXX_LANGUAGE_STANDARD = "gnu++17";
				CLANG_CXX_LIBRARY = "libc++";
				CLANG_ENABLE_MODULES = YES;
				CLANG_ENABLE_OBJC_ARC = YES;
				CLANG_ENABLE_OBJC_WEAK = YES;
				CLANG_WARN_BLOCK_CAPTURE_AUTORELEASING = YES;
				CLANG_WARN_BOOL_CONVERSION = YES;
				CLANG_WARN_COMMA = YES;
				CLANG_WARN_CONSTANT_CONVERSION = YES;
				CLANG_WARN_DEPRECATED_OBJC_IMPLEMENTATIONS = YES;
				CLANG_WARN_DIRECT_OBJC_ISA_USAGE = YES_ERROR;
				CLANG_WARN_DOCUMENTATION_COMMENTS = YES;
				CLANG_WARN_EMPTY_BODY = YES;
				CLANG_WARN_ENUM_CONVERSION = YES;
				CLANG_WARN_INFINITE_RECURSION = YES;
				CLANG_WARN_INT_CONVERSION = YES;
				CLANG_WARN_NON_LITERAL_NULL_CONVERSION = YES;
				CLANG_WARN_OBJC_IMPLICIT_RETAIN_SELF = YES;
				CLANG_WARN_OBJC_LITERAL_CONVERSION = YES;
				CLANG_WARN_OBJC_ROOT_CLASS = YES_ERROR;
				CLANG_WARN_QUOTED_INCLUDE_IN_FRAMEWORK_HEADER = YES;
				CLANG_WARN_RANGE_LOOP_ANALYSIS = YES;
				CLANG_WARN_STRICT_PROTOTYPES = YES;
				CLANG_WARN_SUSPICIOUS_MOVE = YES;
				CLANG_WARN_UNGUARDED_AVAILABILITY = YES_AGGRESSIVE;
				CLANG_WARN_UNREACHABLE_CODE = YES;
				CLANG_WARN__DUPLICATE_METHOD_MATCH = YES;
				COPY_PHASE_STRIP = NO;
				DEBUG_INFORMATION_FORMAT = dwarf;
				ENABLE_STRICT_OBJC_MSGSEND = YES;
				ENABLE_TESTABILITY = YES;
				GCC_C_LANGUAGE_STANDARD = gnu11;
				GCC_DYNAMIC_NO_PIC = NO;
				GCC_NO_COMMON_BLOCKS = YES;
				GCC_OPTIMIZATION_LEVEL = 0;
				GCC_PREPROCESSOR_DEFINITIONS = (
					"DEBUG=1",
					"$(inherited)",
				);
				GCC_WARN_64_TO_32_BIT_CONVERSION = YES;
				GCC_WARN_ABOUT_RETURN_TYPE = YES_ERROR;
				GCC_WARN_UNDECLARED_SELECTOR = YES;
				GCC_WARN_UNINITIALIZED_AUTOS = YES_AGGRESSIVE;
				GCC_WARN_UNUSED_FUNCTION = YES;
				GCC_WARN_UNUSED_VARIABLE = YES;
				IPHONEOS_DEPLOYMENT_TARGET = 15.2;
				MTL_ENABLE_DEBUG_INFO = INCLUDE_SOURCE;
				MTL_FAST_MATH = YES;
				ONLY_ACTIVE_ARCH = YES;
				SDKROOT = iphoneos;
				SWIFT_ACTIVE_COMPILATION_CONDITIONS = DEBUG;
				SWIFT_OPTIMIZATION_LEVEL = "-Onone";
			};
			name = Debug;
		};
		C02692B727B91E1C00C48E5D /* Release */ = {
			isa = XCBuildConfiguration;
			buildSettings = {
				ALWAYS_SEARCH_USER_PATHS = NO;
				CLANG_ANALYZER_NONNULL = YES;
				CLANG_ANALYZER_NUMBER_OBJECT_CONVERSION = YES_AGGRESSIVE;
				CLANG_CXX_LANGUAGE_STANDARD = "gnu++17";
				CLANG_CXX_LIBRARY = "libc++";
				CLANG_ENABLE_MODULES = YES;
				CLANG_ENABLE_OBJC_ARC = YES;
				CLANG_ENABLE_OBJC_WEAK = YES;
				CLANG_WARN_BLOCK_CAPTURE_AUTORELEASING = YES;
				CLANG_WARN_BOOL_CONVERSION = YES;
				CLANG_WARN_COMMA = YES;
				CLANG_WARN_CONSTANT_CONVERSION = YES;
				CLANG_WARN_DEPRECATED_OBJC_IMPLEMENTATIONS = YES;
				CLANG_WARN_DIRECT_OBJC_ISA_USAGE = YES_ERROR;
				CLANG_WARN_DOCUMENTATION_COMMENTS = YES;
				CLANG_WARN_EMPTY_BODY = YES;
				CLANG_WARN_ENUM_CONVERSION = YES;
				CLANG_WARN_INFINITE_RECURSION = YES;
				CLANG_WARN_INT_CONVERSION = YES;
				CLANG_WARN_NON_LITERAL_NULL_CONVERSION = YES;
				CLANG_WARN_OBJC_IMPLICIT_RETAIN_SELF = YES;
				CLANG_WARN_OBJC_LITERAL_CONVERSION = YES;
				CLANG_WARN_OBJC_ROOT_CLASS = YES_ERROR;
				CLANG_WARN_QUOTED_INCLUDE_IN_FRAMEWORK_HEADER = YES;
				CLANG_WARN_RANGE_LOOP_ANALYSIS = YES;
				CLANG_WARN_STRICT_PROTOTYPES = YES;
				CLANG_WARN_SUSPICIOUS_MOVE = YES;
				CLANG_WARN_UNGUARDED_AVAILABILITY = YES_AGGRESSIVE;
				CLANG_WARN_UNREACHABLE_CODE = YES;
				CLANG_WARN__DUPLICATE_METHOD_MATCH = YES;
				COPY_PHASE_STRIP = NO;
				DEBUG_INFORMATION_FORMAT = "dwarf-with-dsym";
				ENABLE_NS_ASSERTIONS = NO;
				ENABLE_STRICT_OBJC_MSGSEND = YES;
				GCC_C_LANGUAGE_STANDARD = gnu11;
				GCC_NO_COMMON_BLOCKS = YES;
				GCC_WARN_64_TO_32_BIT_CONVERSION = YES;
				GCC_WARN_ABOUT_RETURN_TYPE = YES_ERROR;
				GCC_WARN_UNDECLARED_SELECTOR = YES;
				GCC_WARN_UNINITIALIZED_AUTOS = YES_AGGRESSIVE;
				GCC_WARN_UNUSED_FUNCTION = YES;
				GCC_WARN_UNUSED_VARIABLE = YES;
				IPHONEOS_DEPLOYMENT_TARGET = 15.2;
				MTL_ENABLE_DEBUG_INFO = NO;
				MTL_FAST_MATH = YES;
				SDKROOT = iphoneos;
				SWIFT_COMPILATION_MODE = wholemodule;
				SWIFT_OPTIMIZATION_LEVEL = "-O";
				VALIDATE_PRODUCT = YES;
			};
			name = Release;
		};
		C02692B927B91E1C00C48E5D /* Debug */ = {
			isa = XCBuildConfiguration;
			baseConfigurationReference = FAE1271FBE5BA1B8E8ADD472 /* Pods-tiktok.debug.xcconfig */;
			buildSettings = {
				ASSETCATALOG_COMPILER_APPICON_NAME = AppIcon;
				ASSETCATALOG_COMPILER_GLOBAL_ACCENT_COLOR_NAME = AccentColor;
				CODE_SIGN_STYLE = Automatic;
				CURRENT_PROJECT_VERSION = 1;
				GENERATE_INFOPLIST_FILE = YES;
				INFOPLIST_FILE = tiktok/Info.plist;
				INFOPLIST_KEY_UIApplicationSupportsIndirectInputEvents = YES;
				INFOPLIST_KEY_UILaunchStoryboardName = LaunchScreen;
				INFOPLIST_KEY_UIMainStoryboardFile = Main;
				INFOPLIST_KEY_UISupportedInterfaceOrientations_iPad = "UIInterfaceOrientationPortrait UIInterfaceOrientationPortraitUpsideDown UIInterfaceOrientationLandscapeLeft UIInterfaceOrientationLandscapeRight";
				INFOPLIST_KEY_UISupportedInterfaceOrientations_iPhone = "UIInterfaceOrientationPortrait UIInterfaceOrientationLandscapeLeft UIInterfaceOrientationLandscapeRight";
				LD_RUNPATH_SEARCH_PATHS = (
					"$(inherited)",
					"@executable_path/Frameworks",
				);
				MARKETING_VERSION = 1.0;
				PRODUCT_BUNDLE_IDENTIFIER = qwert.tiktok;
				PRODUCT_NAME = "$(TARGET_NAME)";
				SWIFT_EMIT_LOC_STRINGS = YES;
				SWIFT_VERSION = 5.0;
				TARGETED_DEVICE_FAMILY = "1,2";
			};
			name = Debug;
		};
		C02692BA27B91E1C00C48E5D /* Release */ = {
			isa = XCBuildConfiguration;
			baseConfigurationReference = C7AC88C653BAA18ACD39C63B /* Pods-tiktok.release.xcconfig */;
			buildSettings = {
				ASSETCATALOG_COMPILER_APPICON_NAME = AppIcon;
				ASSETCATALOG_COMPILER_GLOBAL_ACCENT_COLOR_NAME = AccentColor;
				CODE_SIGN_STYLE = Automatic;
				CURRENT_PROJECT_VERSION = 1;
				GENERATE_INFOPLIST_FILE = YES;
				INFOPLIST_FILE = tiktok/Info.plist;
				INFOPLIST_KEY_UIApplicationSupportsIndirectInputEvents = YES;
				INFOPLIST_KEY_UILaunchStoryboardName = LaunchScreen;
				INFOPLIST_KEY_UIMainStoryboardFile = Main;
				INFOPLIST_KEY_UISupportedInterfaceOrientations_iPad = "UIInterfaceOrientationPortrait UIInterfaceOrientationPortraitUpsideDown UIInterfaceOrientationLandscapeLeft UIInterfaceOrientationLandscapeRight";
				INFOPLIST_KEY_UISupportedInterfaceOrientations_iPhone = "UIInterfaceOrientationPortrait UIInterfaceOrientationLandscapeLeft UIInterfaceOrientationLandscapeRight";
				LD_RUNPATH_SEARCH_PATHS = (
					"$(inherited)",
					"@executable_path/Frameworks",
				);
				MARKETING_VERSION = 1.0;
				PRODUCT_BUNDLE_IDENTIFIER = qwert.tiktok;
				PRODUCT_NAME = "$(TARGET_NAME)";
				SWIFT_EMIT_LOC_STRINGS = YES;
				SWIFT_VERSION = 5.0;
				TARGETED_DEVICE_FAMILY = "1,2";
			};
			name = Release;
		};
/* End XCBuildConfiguration section */

/* Begin XCConfigurationList section */
		C026929F27B91E1B00C48E5D /* Build configuration list for PBXProject "tiktok" */ = {
			isa = XCConfigurationList;
			buildConfigurations = (
				C02692B627B91E1C00C48E5D /* Debug */,
				C02692B727B91E1C00C48E5D /* Release */,
			);
			defaultConfigurationIsVisible = 0;
			defaultConfigurationName = Release;
		};
		C02692B827B91E1C00C48E5D /* Build configuration list for PBXNativeTarget "tiktok" */ = {
			isa = XCConfigurationList;
			buildConfigurations = (
				C02692B927B91E1C00C48E5D /* Debug */,
				C02692BA27B91E1C00C48E5D /* Release */,
			);
			defaultConfigurationIsVisible = 0;
			defaultConfigurationName = Release;
		};
/* End XCConfigurationList section */
	};
	rootObject = C026929C27B91E1B00C48E5D /* Project object */;
}
